
Microsoft Visual Studio Solution File, Format Version 12.00
# Visual Studio Version 16
VisualStudioVersion = 16.0.30114.105
MinimumVisualStudioVersion = 10.0.40219.1
Project("{9A19103F-16F7-4668-BE54-9A1E7A4F7556}") = "DataAccess", "DataAccsess\DataAccess.csproj", "{C385C0E7-D907-4C16-92E6-B0707C2C9154}"
EndProject
Project("{9A19103F-16F7-4668-BE54-9A1E7A4F7556}") = "Business", "Business\Business.csproj", "{AC67C456-C099-4D3F-A19A-CC57BEB8764B}"
EndProject
Project("{9A19103F-16F7-4668-BE54-9A1E7A4F7556}") = "Entities", "Entities\Entities.csproj", "{6C071BF7-85DB-4929-B58F-8F3D4D1FCDC5}"
EndProject
Project("{9A19103F-16F7-4668-BE54-9A1E7A4F7556}") = "ConsoleUI", "ConsoleUI\ConsoleUI.csproj", "{C7EC366A-DCAE-4884-9B97-7E39A27BE958}"
EndProject
Project("{9A19103F-16F7-4668-BE54-9A1E7A4F7556}") = "Core", "Core\Core.csproj", "{E755BB4C-BF1B-4D2E-B1B6-7538A003FF64}"
EndProject
Project("{9A19103F-16F7-4668-BE54-9A1E7A4F7556}") = "WebAPI", "WebAPI\WebAPI.csproj", "{5C707D61-F580-4A9B-A516-CA74B135B53F}"
EndProject
Global
	GlobalSection(SolutionConfigurationPlatforms) = preSolution
		Debug|Any CPU = Debug|Any CPU
		Release|Any CPU = Release|Any CPU
	EndGlobalSection
	GlobalSection(ProjectConfigurationPlatforms) = postSolution
		{C385C0E7-D907-4C16-92E6-B0707C2C9154}.Debug|Any CPU.ActiveCfg = Debug|Any CPU
		{C385C0E7-D907-4C16-92E6-B0707C2C9154}.Debug|Any CPU.Build.0 = Debug|Any CPU
		{C385C0E7-D907-4C16-92E6-B0707C2C9154}.Release|Any CPU.ActiveCfg = Release|Any CPU
		{C385C0E7-D907-4C16-92E6-B0707C2C9154}.Release|Any CPU.Build.0 = Release|Any CPU
		{AC67C456-C099-4D3F-A19A-CC57BEB8764B}.Debug|Any CPU.ActiveCfg = Debug|Any CPU
		{AC67C456-C099-4D3F-A19A-CC57BEB8764B}.Debug|Any CPU.Build.0 = Debug|Any CPU
		{AC67C456-C099-4D3F-A19A-CC57BEB8764B}.Release|Any CPU.ActiveCfg = Release|Any CPU
		{AC67C456-C099-4D3F-A19A-CC57BEB8764B}.Release|Any CPU.Build.0 = Release|Any CPU
		{6C071BF7-85DB-4929-B58F-8F3D4D1FCDC5}.Debug|Any CPU.ActiveCfg = Debug|Any CPU
		{6C071BF7-85DB-4929-B58F-8F3D4D1FCDC5}.Debug|Any CPU.Build.0 = Debug|Any CPU
		{6C071BF7-85DB-4929-B58F-8F3D4D1FCDC5}.Release|Any CPU.ActiveCfg = Release|Any CPU
		{6C071BF7-85DB-4929-B58F-8F3D4D1FCDC5}.Release|Any CPU.Build.0 = Release|Any CPU
		{C7EC366A-DCAE-4884-9B97-7E39A27BE958}.Debug|Any CPU.ActiveCfg = Debug|Any CPU
		{C7EC366A-DCAE-4884-9B97-7E39A27BE958}.Debug|Any CPU.Build.0 = Debug|Any CPU
		{C7EC366A-DCAE-4884-9B97-7E39A27BE958}.Release|Any CPU.ActiveCfg = Release|Any CPU
		{C7EC366A-DCAE-4884-9B97-7E39A27BE958}.Release|Any CPU.Build.0 = Release|Any CPU
		{E755BB4C-BF1B-4D2E-B1B6-7538A003FF64}.Debug|Any CPU.ActiveCfg = Debug|Any CPU
		{E755BB4C-BF1B-4D2E-B1B6-7538A003FF64}.Debug|Any CPU.Build.0 = Debug|Any CPU
		{E755BB4C-BF1B-4D2E-B1B6-7538A003FF64}.Release|Any CPU.ActiveCfg = Release|Any CPU
		{E755BB4C-BF1B-4D2E-B1B6-7538A003FF64}.Release|Any CPU.Build.0 = Release|Any CPU
		{5C707D61-F580-4A9B-A516-CA74B135B53F}.Debug|Any CPU.ActiveCfg = Debug|Any CPU
		{5C707D61-F580-4A9B-A516-CA74B135B53F}.Debug|Any CPU.Build.0 = Debug|Any CPU
		{5C707D61-F580-4A9B-A516-CA74B135B53F}.Release|Any CPU.ActiveCfg = Release|Any CPU
		{5C707D61-F580-4A9B-A516-CA74B135B53F}.Release|Any CPU.Build.0 = Release|Any CPU
	EndGlobalSection
	GlobalSection(SolutionProperties) = preSolution
		HideSolutionNode = FALSE
	EndGlobalSection
	GlobalSection(ExtensibilityGlobals) = postSolution
		SolutionGuid = {96C01E85-96A5-49E4-82AE-912D02CBE890}
	EndGlobalSection
EndGlobal
